// !$*UTF8*$!
{
	archiveVersion = 1;
	classes = {
	};
	objectVersion = 48;
	objects = {

/* Begin PBXBuildFile section */
		6185C801201B982B00C02DFD /* AppDelegate.swift in Sources */ = {isa = PBXBuildFile; fileRef = 6185C800201B982B00C02DFD /* AppDelegate.swift */; };
		6185C803201B982B00C02DFD /* ViewController.swift in Sources */ = {isa = PBXBuildFile; fileRef = 6185C802201B982B00C02DFD /* ViewController.swift */; };
		6185C806201B982B00C02DFD /* Main.storyboard in Resources */ = {isa = PBXBuildFile; fileRef = 6185C804201B982B00C02DFD /* Main.storyboard */; };
		6185C808201B982B00C02DFD /* Assets.xcassets in Resources */ = {isa = PBXBuildFile; fileRef = 6185C807201B982B00C02DFD /* Assets.xcassets */; };
		6185C80B201B982B00C02DFD /* LaunchScreen.storyboard in Resources */ = {isa = PBXBuildFile; fileRef = 6185C809201B982B00C02DFD /* LaunchScreen.storyboard */; };
		6185C813201B9F5D00C02DFD /* bird-chirp.wav in Resources */ = {isa = PBXBuildFile; fileRef = 6185C812201B9F5C00C02DFD /* bird-chirp.wav */; };
/* End PBXBuildFile section */

/* Begin PBXFileReference section */
		6185C7FD201B982B00C02DFD /* wilson-bird-of-paradise.app */ = {isa = PBXFileReference; explicitFileType = wrapper.application; includeInIndex = 0; path = "wilson-bird-of-paradise.app"; sourceTree = BUILT_PRODUCTS_DIR; };
		6185C800201B982B00C02DFD /* AppDelegate.swift */ = {isa = PBXFileReference; lastKnownFileType = sourcecode.swift; path = AppDelegate.swift; sourceTree = "<group>"; };
		6185C802201B982B00C02DFD /* ViewController.swift */ = {isa = PBXFileReference; lastKnownFileType = sourcecode.swift; path = ViewController.swift; sourceTree = "<group>"; };
		6185C805201B982B00C02DFD /* Base */ = {isa = PBXFileReference; lastKnownFileType = file.storyboard; name = Base; path = Base.lproj/Main.storyboard; sourceTree = "<group>"; };
		6185C807201B982B00C02DFD /* Assets.xcassets */ = {isa = PBXFileReference; lastKnownFileType = folder.assetcatalog; path = Assets.xcassets; sourceTree = "<group>"; };
		6185C80A201B982B00C02DFD /* Base */ = {isa = PBXFileReference; lastKnownFileType = file.storyboard; name = Base; path = Base.lproj/LaunchScreen.storyboard; sourceTree = "<group>"; };
		6185C80C201B982B00C02DFD /* Info.plist */ = {isa = PBXFileReference; lastKnownFileType = text.plist.xml; path = Info.plist; sourceTree = "<group>"; };
		6185C812201B9F5C00C02DFD /* bird-chirp.wav */ = {isa = PBXFileReference; lastKnownFileType = audio.wav; path = "bird-chirp.wav"; sourceTree = "<group>"; };
/* End PBXFileReference section */

/* Begin PBXFrameworksBuildPhase section */
		6185C7FA201B982B00C02DFD /* Frameworks */ = {
			isa = PBXFrameworksBuildPhase;
			buildActionMask = 2147483647;
			files = (
			);
			runOnlyForDeploymentPostprocessing = 0;
		};
/* End PBXFrameworksBuildPhase section */

/* Begin PBXGroup section */
		6185C7F4201B982B00C02DFD = {
			isa = PBXGroup;
			children = (
				6185C7FF201B982B00C02DFD /* wilson-bird-of-paradise */,
				6185C7FE201B982B00C02DFD /* Products */,
			);
			sourceTree = "<group>";
		};
		6185C7FE201B982B00C02DFD /* Products */ = {
			isa = PBXGroup;
			children = (
				6185C7FD201B982B00C02DFD /* wilson-bird-of-paradise.app */,
			);
			name = Products;
			sourceTree = "<group>";
		};
		6185C7FF201B982B00C02DFD /* wilson-bird-of-paradise */ = {
			isa = PBXGroup;
			children = (
				6185C800201B982B00C02DFD /* AppDelegate.swift */,
				6185C802201B982B00C02DFD /* ViewController.swift */,
				6185C804201B982B00C02DFD /* Main.storyboard */,
				6185C807201B982B00C02DFD /* Assets.xcassets */,
				6185C809201B982B00C02DFD /* LaunchScreen.storyboard */,
				6185C80C201B982B00C02DFD /* Info.plist */,
				6185C812201B9F5C00C02DFD /* bird-chirp.wav */,
			);
			path = "wilson-bird-of-paradise";
			sourceTree = "<group>";
		};
/* End PBXGroup section */

/* Begin PBXNativeTarget section */
		6185C7FC201B982B00C02DFD /* wilson-bird-of-paradise */ = {
			isa = PBXNativeTarget;
			buildConfigurationList = 6185C80F201B982B00C02DFD /* Build configuration list for PBXNativeTarget "wilson-bird-of-paradise" */;
			buildPhases = (
				6185C7F9201B982B00C02DFD /* Sources */,
				6185C7FA201B982B00C02DFD /* Frameworks */,
				6185C7FB201B982B00C02DFD /* Resources */,
			);
			buildRules = (
			);
			dependencies = (
			);
			name = "wilson-bird-of-paradise";
			productName = "wilson-bird-of-paradise";
			productReference = 6185C7FD201B982B00C02DFD /* wilson-bird-of-paradise.app */;
			productType = "com.apple.product-type.application";
		};
/* End PBXNativeTarget section */

/* Begin PBXProject section */
		6185C7F5201B982B00C02DFD /* Project object */ = {
			isa = PBXProject;
			attributes = {
				LastSwiftUpdateCheck = 0920;
				LastUpgradeCheck = 0920;
				ORGANIZATIONNAME = "Yuhan Lee";
				TargetAttributes = {
					6185C7FC201B982B00C02DFD = {
						CreatedOnToolsVersion = 9.2;
						ProvisioningStyle = Automatic;
					};
				};
			};
			buildConfigurationList = 6185C7F8201B982B00C02DFD /* Build configuration list for PBXProject "wilson-bird-of-paradise" */;
			compatibilityVersion = "Xcode 8.0";
			developmentRegion = en;
			hasScannedForEncodings = 0;
			knownRegions = (
				en,
				Base,
			);
			mainGroup = 6185C7F4201B982B00C02DFD;
			productRefGroup = 6185C7FE201B982B00C02DFD /* Products */;
			projectDirPath = "";
			projectRoot = "";
			targets = (
				6185C7FC201B982B00C02DFD /* wilson-bird-of-paradise */,
			);
		};
/* End PBXProject section */

/* Begin PBXResourcesBuildPhase section */
		6185C7FB201B982B00C02DFD /* Resources */ = {
			isa = PBXResourcesBuildPhase;
			buildActionMask = 2147483647;
			files = (
				6185C80B201B982B00C02DFD /* LaunchScreen.storyboard in Resources */,
				6185C808201B982B00C02DFD /* Assets.xcassets in Resources */,
				6185C813201B9F5D00C02DFD /* bird-chirp.wav in Resources */,
				6185C806201B982B00C02DFD /* Main.storyboard in Resources */,
			);
			runOnlyForDeploymentPostprocessing = 0;
		};
/* End PBXResourcesBuildPhase section */

/* Begin PBXSourcesBuildPhase section */
		6185C7F9201B982B00C02DFD /* Sources */ = {
			isa = PBXSourcesBuildPhase;
			buildActionMask = 2147483647;
			files = (
				6185C803201B982B00C02DFD /* ViewController.swift in Sources */,
				6185C801201B982B00C02DFD /* AppDelegate.swift in Sources */,
			);
			runOnlyForDeploymentPostprocessing = 0;
		};
/* End PBXSourcesBuildPhase section */

/* Begin PBXVariantGroup section */
		6185C804201B982B00C02DFD /* Main.storyboard */ = {
			isa = PBXVariantGroup;
			children = (
				6185C805201B982B00C02DFD /* Base */,
			);
			name = Main.storyboard;
			sourceTree = "<group>";
		};
		6185C809201B982B00C02DFD /* LaunchScreen.storyboard */ = {
			isa = PBXVariantGroup;
			children = (
				6185C80A201B982B00C02DFD /* Base */,
			);
			name = LaunchScreen.storyboard;
			sourceTree = "<group>";
		};
/* End PBXVariantGroup section */

/* Begin XCBuildConfiguration section */
		6185C80D201B982B00C02DFD /* Debug */ = {
			isa = XCBuildConfiguration;
			buildSettings = {
				ALWAYS_SEARCH_USER_PATHS = NO;
				CLANG_ANALYZER_NONNULL = YES;
				CLANG_ANALYZER_NUMBER_OBJECT_CONVERSION = YES_AGGRESSIVE;
				CLANG_CXX_LANGUAGE_STANDARD = "gnu++14";
				CLANG_CXX_LIBRARY = "libc++";
				CLANG_ENABLE_MODULES = YES;
				CLANG_ENABLE_OBJC_ARC = YES;
				CLANG_WARN_BLOCK_CAPTURE_AUTORELEASING = YES;
				CLANG_WARN_BOOL_CONVERSION = YES;
				CLANG_WARN_COMMA = YES;
				CLANG_WARN_CONSTANT_CONVERSION = YES;
				CLANG_WARN_DIRECT_OBJC_ISA_USAGE = YES_ERROR;
				CLANG_WARN_DOCUMENTATION_COMMENTS = YES;
				CLANG_WARN_EMPTY_BODY = YES;
				CLANG_WARN_ENUM_CONVERSION = YES;
				CLANG_WARN_INFINITE_RECURSION = YES;
				CLANG_WARN_INT_CONVERSION = YES;
				CLANG_WARN_NON_LITERAL_NULL_CONVERSION = YES;
				CLANG_WARN_OBJC_LITERAL_CONVERSION = YES;
				CLANG_WARN_OBJC_ROOT_CLASS = YES_ERROR;
				CLANG_WARN_RANGE_LOOP_ANALYSIS = YES;
				CLANG_WARN_STRICT_PROTOTYPES = YES;
				CLANG_WARN_SUSPICIOUS_MOVE = YES;
				CLANG_WARN_UNGUARDED_AVAILABILITY = YES_AGGRESSIVE;
				CLANG_WARN_UNREACHABLE_CODE = YES;
				CLANG_WARN__DUPLICATE_METHOD_MATCH = YES;
				CODE_SIGN_IDENTITY = "iPhone Developer";
				COPY_PHASE_STRIP = NO;
				DEBUG_INFORMATION_FORMAT = dwarf;
				ENABLE_STRICT_OBJC_MSGSEND = YES;
				ENABLE_TESTABILITY = YES;
				GCC_C_LANGUAGE_STANDARD = gnu11;
				GCC_DYNAMIC_NO_PIC = NO;
				GCC_NO_COMMON_BLOCKS = YES;
				GCC_OPTIMIZATION_LEVEL = 0;
				GCC_PREPROCESSOR_DEFINITIONS = (
					"DEBUG=1",
					"$(inherited)",
				);
				GCC_WARN_64_TO_32_BIT_CONVERSION = YES;
				GCC_WARN_ABOUT_RETURN_TYPE = YES_ERROR;
				GCC_WARN_UNDECLARED_SELECTOR = YES;
				GCC_WARN_UNINITIALIZED_AUTOS = YES_AGGRESSIVE;
				GCC_WARN_UNUSED_FUNCTION = YES;
				GCC_WARN_UNUSED_VARIABLE = YES;
				IPHONEOS_DEPLOYMENT_TARGET = 11.2;
				MTL_ENABLE_DEBUG_INFO = YES;
				ONLY_ACTIVE_ARCH = YES;
				SDKROOT = iphoneos;
				SWIFT_ACTIVE_COMPILATION_CONDITIONS = DEBUG;
				SWIFT_OPTIMIZATION_LEVEL = "-Onone";
			};
			name = Debug;
		};
		6185C80E201B982B00C02DFD /* Release */ = {
			isa = XCBuildConfiguration;
			buildSettings = {
				ALWAYS_SEARCH_USER_PATHS = NO;
				CLANG_ANALYZER_NONNULL = YES;
				CLANG_ANALYZER_NUMBER_OBJECT_CONVERSION = YES_AGGRESSIVE;
				CLANG_CXX_LANGUAGE_STANDARD = "gnu++14";
				CLANG_CXX_LIBRARY = "libc++";
				CLANG_ENABLE_MODULES = YES;
				CLANG_ENABLE_OBJC_ARC = YES;
				CLANG_WARN_BLOCK_CAPTURE_AUTORELEASING = YES;
				CLANG_WARN_BOOL_CONVERSION = YES;
				CLANG_WARN_COMMA = YES;
				CLANG_WARN_CONSTANT_CONVERSION = YES;
				CLANG_WARN_DIRECT_OBJC_ISA_USAGE = YES_ERROR;
				CLANG_WARN_DOCUMENTATION_COMMENTS = YES;
				CLANG_WARN_EMPTY_BODY = YES;
				CLANG_WARN_ENUM_CONVERSION = YES;
				CLANG_WARN_INFINITE_RECURSION = YES;
				CLANG_WARN_INT_CONVERSION = YES;
				CLANG_WARN_NON_LITERAL_NULL_CONVERSION = YES;
				CLANG_WARN_OBJC_LITERAL_CONVERSION = YES;
				CLANG_WARN_OBJC_ROOT_CLASS = YES_ERROR;
				CLANG_WARN_RANGE_LOOP_ANALYSIS = YES;
				CLANG_WARN_STRICT_PROTOTYPES = YES;
				CLANG_WARN_SUSPICIOUS_MOVE = YES;
				CLANG_WARN_UNGUARDED_AVAILABILITY = YES_AGGRESSIVE;
				CLANG_WARN_UNREACHABLE_CODE = YES;
				CLANG_WARN__DUPLICATE_METHOD_MATCH = YES;
				CODE_SIGN_IDENTITY = "iPhone Developer";
				COPY_PHASE_STRIP = NO;
				DEBUG_INFORMATION_FORMAT = "dwarf-with-dsym";
				ENABLE_NS_ASSERTIONS = NO;
				ENABLE_STRICT_OBJC_MSGSEND = YES;
				GCC_C_LANGUAGE_STANDARD = gnu11;
				GCC_NO_COMMON_BLOCKS = YES;
				GCC_WARN_64_TO_32_BIT_CONVERSION = YES;
				GCC_WARN_ABOUT_RETURN_TYPE = YES_ERROR;
				GCC_WARN_UNDECLARED_SELECTOR = YES;
				GCC_WARN_UNINITIALIZED_AUTOS = YES_AGGRESSIVE;
				GCC_WARN_UNUSED_FUNCTION = YES;
				GCC_WARN_UNUSED_VARIABLE = YES;
				IPHONEOS_DEPLOYMENT_TARGET = 11.2;
				MTL_ENABLE_DEBUG_INFO = NO;
				SDKROOT = iphoneos;
				SWIFT_OPTIMIZATION_LEVEL = "-Owholemodule";
				VALIDATE_PRODUCT = YES;
			};
			name = Release;
		};
		6185C810201B982B00C02DFD /* Debug */ = {
			isa = XCBuildConfiguration;
			buildSettings = {
				ASSETCATALOG_COMPILER_APPICON_NAME = AppIcon;
				CODE_SIGN_STYLE = Automatic;
				INFOPLIST_FILE = "wilson-bird-of-paradise/Info.plist";
				LD_RUNPATH_SEARCH_PATHS = "$(inherited) @executable_path/Frameworks";
				PRODUCT_BUNDLE_IDENTIFIER = "com.ponyo.wilson-bird-of-paradise";
				PRODUCT_NAME = "$(TARGET_NAME)";
				SWIFT_VERSION = 4.0;
				TARGETED_DEVICE_FAMILY = "1,2";
			};
			name = Debug;
		};
		6185C811201B982B00C02DFD /* Release */ = {
			isa = XCBuildConfiguration;
			buildSettings = {
				ASSETCATALOG_COMPILER_APPICON_NAME = AppIcon;
				CODE_SIGN_STYLE = Automatic;
				INFOPLIST_FILE = "wilson-bird-of-paradise/Info.plist";
				LD_RUNPATH_SEARCH_PATHS = "$(inherited) @executable_path/Frameworks";
				PRODUCT_BUNDLE_IDENTIFIER = "com.ponyo.wilson-bird-of-paradise";
				PRODUCT_NAME = "$(TARGET_NAME)";
				SWIFT_VERSION = 4.0;
				TARGETED_DEVICE_FAMILY = "1,2";
			};
			name = Release;
		};
/* End XCBuildConfiguration section */

/* Begin XCConfigurationList section */
		6185C7F8201B982B00C02DFD /* Build configuration list for PBXProject "wilson-bird-of-paradise" */ = {
			isa = XCConfigurationList;
			buildConfigurations = (
				6185C80D201B982B00C02DFD /* Debug */,
				6185C80E201B982B00C02DFD /* Release */,
			);
			defaultConfigurationIsVisible = 0;
			defaultConfigurationName = Release;
		};
		6185C80F201B982B00C02DFD /* Build configuration list for PBXNativeTarget "wilson-bird-of-paradise" */ = {
			isa = XCConfigurationList;
			buildConfigurations = (
				6185C810201B982B00C02DFD /* Debug */,
				6185C811201B982B00C02DFD /* Release */,
			);
			defaultConfigurationIsVisible = 0;
			defaultConfigurationName = Release;
		};
/* End XCConfigurationList section */
	};
	rootObject = 6185C7F5201B982B00C02DFD /* Project object */;
}
